
Microsoft Visual Studio Solution File, Format Version 12.00
# Visual Studio Version 17
VisualStudioVersion = 17.14.36908.2
MinimumVisualStudioVersion = 10.0.40219.1
Project("{FAE04EC0-301F-11D3-BF4B-00C04F79EFBC}") = "Web", "FSchool\Web.csproj", "{7165D014-3C78-44ED-90D9-B70A69C65BC5}"
EndProject
Project("{FAE04EC0-301F-11D3-BF4B-00C04F79EFBC}") = "Domain", "Domain\Domain.csproj", "{C530415D-1B54-4077-93BA-F4B49C6C946F}"
EndProject
Project("{FAE04EC0-301F-11D3-BF4B-00C04F79EFBC}") = "Infrastructure", "Infrastructure\Infrastructure.csproj", "{4A80AF27-7B1A-44E8-9B92-F44008D07CE1}"
EndProject
Project("{FAE04EC0-301F-11D3-BF4B-00C04F79EFBC}") = "Application", "Application\Application.csproj", "{20723680-9BDA-4F4C-A526-52C89AF8B2AB}"
EndProject
Global
	GlobalSection(SolutionConfigurationPlatforms) = preSolution
		Debug|Any CPU = Debug|Any CPU
		Release|Any CPU = Release|Any CPU
	EndGlobalSection
	GlobalSection(ProjectConfigurationPlatforms) = postSolution
		{7165D014-3C78-44ED-90D9-B70A69C65BC5}.Debug|Any CPU.ActiveCfg = Debug|Any CPU
		{7165D014-3C78-44ED-90D9-B70A69C65BC5}.Debug|Any CPU.Build.0 = Debug|Any CPU
		{7165D014-3C78-44ED-90D9-B70A69C65BC5}.Release|Any CPU.ActiveCfg = Release|Any CPU
		{7165D014-3C78-44ED-90D9-B70A69C65BC5}.Release|Any CPU.Build.0 = Release|Any CPU
		{C530415D-1B54-4077-93BA-F4B49C6C946F}.Debug|Any CPU.ActiveCfg = Debug|Any CPU
		{C530415D-1B54-4077-93BA-F4B49C6C946F}.Debug|Any CPU.Build.0 = Debug|Any CPU
		{C530415D-1B54-4077-93BA-F4B49C6C946F}.Release|Any CPU.ActiveCfg = Release|Any CPU
		{C530415D-1B54-4077-93BA-F4B49C6C946F}.Release|Any CPU.Build.0 = Release|Any CPU
		{4A80AF27-7B1A-44E8-9B92-F44008D07CE1}.Debug|Any CPU.ActiveCfg = Debug|Any CPU
		{4A80AF27-7B1A-44E8-9B92-F44008D07CE1}.Debug|Any CPU.Build.0 = Debug|Any CPU
		{4A80AF27-7B1A-44E8-9B92-F44008D07CE1}.Release|Any CPU.ActiveCfg = Release|Any CPU
		{4A80AF27-7B1A-44E8-9B92-F44008D07CE1}.Release|Any CPU.Build.0 = Release|Any CPU
		{20723680-9BDA-4F4C-A526-52C89AF8B2AB}.Debug|Any CPU.ActiveCfg = Debug|Any CPU
		{20723680-9BDA-4F4C-A526-52C89AF8B2AB}.Debug|Any CPU.Build.0 = Debug|Any CPU
		{20723680-9BDA-4F4C-A526-52C89AF8B2AB}.Release|Any CPU.ActiveCfg = Release|Any CPU
		{20723680-9BDA-4F4C-A526-52C89AF8B2AB}.Release|Any CPU.Build.0 = Release|Any CPU
	EndGlobalSection
	GlobalSection(SolutionProperties) = preSolution
		HideSolutionNode = FALSE
	EndGlobalSection
	GlobalSection(ExtensibilityGlobals) = postSolution
		SolutionGuid = {1CE14EE9-83FF-4CF0-BD08-969B5B8E2204}
	EndGlobalSection
EndGlobal
